
Microsoft Visual Studio Solution File, Format Version 12.00
# Visual Studio Version 17
VisualStudioVersion = 17.3.32922.545
MinimumVisualStudioVersion = 10.0.40219.1
Project("{8BC9CEB8-8B4A-11D0-8D11-00A0C91BC942}") = "BOJ_10205", "BOJ_10205.vcxproj", "{51F90C03-D645-4B7F-91D4-DF56789EB5FA}"
EndProject
Global
	GlobalSection(SolutionConfigurationPlatforms) = preSolution
		Debug|x64 = Debug|x64
		Release|x64 = Release|x64
	EndGlobalSection
	GlobalSection(ProjectConfigurationPlatforms) = postSolution
		{51F90C03-D645-4B7F-91D4-DF56789EB5FA}.Debug|x64.ActiveCfg = Debug|x64
		{51F90C03-D645-4B7F-91D4-DF56789EB5FA}.Debug|x64.Build.0 = Debug|x64
		{51F90C03-D645-4B7F-91D4-DF56789EB5FA}.Release|x64.ActiveCfg = Release|x64
		{51F90C03-D645-4B7F-91D4-DF56789EB5FA}.Release|x64.Build.0 = Release|x64
	EndGlobalSection
	GlobalSection(SolutionProperties) = preSolution
		HideSolutionNode = FALSE
	EndGlobalSection
	GlobalSection(ExtensibilityGlobals) = postSolution
		SolutionGuid = {626C7269-6248-438F-A1A7-24D3C5866B07}
	EndGlobalSection
EndGlobal
